// !$*UTF8*$!
{
	archiveVersion = 1;
	classes = {
	};
	objectVersion = 46;
	objects = {

/* Begin PBXBuildFile section */
		753E356F1E898D9C00566C4E /* AppDelegate.swift in Sources */ = {isa = PBXBuildFile; fileRef = 753E356E1E898D9C00566C4E /* AppDelegate.swift */; };
		753E35711E898D9C00566C4E /* ViewController.swift in Sources */ = {isa = PBXBuildFile; fileRef = 753E35701E898D9C00566C4E /* ViewController.swift */; };
		753E35741E898D9C00566C4E /* Main.storyboard in Resources */ = {isa = PBXBuildFile; fileRef = 753E35721E898D9C00566C4E /* Main.storyboard */; };
		753E35761E898D9C00566C4E /* Assets.xcassets in Resources */ = {isa = PBXBuildFile; fileRef = 753E35751E898D9C00566C4E /* Assets.xcassets */; };
		753E35791E898D9C00566C4E /* LaunchScreen.storyboard in Resources */ = {isa = PBXBuildFile; fileRef = 753E35771E898D9C00566C4E /* LaunchScreen.storyboard */; };
		753E35841E898D9D00566C4E /* DestroyTheWorldTests.swift in Sources */ = {isa = PBXBuildFile; fileRef = 753E35831E898D9D00566C4E /* DestroyTheWorldTests.swift */; };
/* End PBXBuildFile section */

/* Begin PBXContainerItemProxy section */
		753E35801E898D9D00566C4E /* PBXContainerItemProxy */ = {
			isa = PBXContainerItemProxy;
			containerPortal = 753E35631E898D9C00566C4E /* Project object */;
			proxyType = 1;
			remoteGlobalIDString = 753E356A1E898D9C00566C4E;
			remoteInfo = DestroyTheWorld;
		};
/* End PBXContainerItemProxy section */

/* Begin PBXFileReference section */
		753E356B1E898D9C00566C4E /* DestroyTheWorld.app */ = {isa = PBXFileReference; explicitFileType = wrapper.application; includeInIndex = 0; path = DestroyTheWorld.app; sourceTree = BUILT_PRODUCTS_DIR; };
		753E356E1E898D9C00566C4E /* AppDelegate.swift */ = {isa = PBXFileReference; lastKnownFileType = sourcecode.swift; path = AppDelegate.swift; sourceTree = "<group>"; };
		753E35701E898D9C00566C4E /* ViewController.swift */ = {isa = PBXFileReference; lastKnownFileType = sourcecode.swift; path = ViewController.swift; sourceTree = "<group>"; };
		753E35731E898D9C00566C4E /* Base */ = {isa = PBXFileReference; lastKnownFileType = file.storyboard; name = Base; path = Base.lproj/Main.storyboard; sourceTree = "<group>"; };
		753E35751E898D9C00566C4E /* Assets.xcassets */ = {isa = PBXFileReference; lastKnownFileType = folder.assetcatalog; path = Assets.xcassets; sourceTree = "<group>"; };
		753E35781E898D9C00566C4E /* Base */ = {isa = PBXFileReference; lastKnownFileType = file.storyboard; name = Base; path = Base.lproj/LaunchScreen.storyboard; sourceTree = "<group>"; };
		753E357A1E898D9C00566C4E /* Info.plist */ = {isa = PBXFileReference; lastKnownFileType = text.plist.xml; path = Info.plist; sourceTree = "<group>"; };
		753E357F1E898D9D00566C4E /* DestroyTheWorldTests.xctest */ = {isa = PBXFileReference; explicitFileType = wrapper.cfbundle; includeInIndex = 0; path = DestroyTheWorldTests.xctest; sourceTree = BUILT_PRODUCTS_DIR; };
		753E35831E898D9D00566C4E /* DestroyTheWorldTests.swift */ = {isa = PBXFileReference; lastKnownFileType = sourcecode.swift; path = DestroyTheWorldTests.swift; sourceTree = "<group>"; };
		753E35851E898D9D00566C4E /* Info.plist */ = {isa = PBXFileReference; lastKnownFileType = text.plist.xml; path = Info.plist; sourceTree = "<group>"; };
/* End PBXFileReference section */

/* Begin PBXFrameworksBuildPhase section */
		753E35681E898D9C00566C4E /* Frameworks */ = {
			isa = PBXFrameworksBuildPhase;
			buildActionMask = 2147483647;
			files = (
			);
			runOnlyForDeploymentPostprocessing = 0;
		};
		753E357C1E898D9D00566C4E /* Frameworks */ = {
			isa = PBXFrameworksBuildPhase;
			buildActionMask = 2147483647;
			files = (
			);
			runOnlyForDeploymentPostprocessing = 0;
		};
/* End PBXFrameworksBuildPhase section */

/* Begin PBXGroup section */
		753E35621E898D9C00566C4E = {
			isa = PBXGroup;
			children = (
				753E356D1E898D9C00566C4E /* DestroyTheWorld */,
				753E35821E898D9D00566C4E /* DestroyTheWorldTests */,
				753E356C1E898D9C00566C4E /* Products */,
			);
			sourceTree = "<group>";
		};
		753E356C1E898D9C00566C4E /* Products */ = {
			isa = PBXGroup;
			children = (
				753E356B1E898D9C00566C4E /* DestroyTheWorld.app */,
				753E357F1E898D9D00566C4E /* DestroyTheWorldTests.xctest */,
			);
			name = Products;
			sourceTree = "<group>";
		};
		753E356D1E898D9C00566C4E /* DestroyTheWorld */ = {
			isa = PBXGroup;
			children = (
				753E356E1E898D9C00566C4E /* AppDelegate.swift */,
				753E35701E898D9C00566C4E /* ViewController.swift */,
				753E35721E898D9C00566C4E /* Main.storyboard */,
				753E35751E898D9C00566C4E /* Assets.xcassets */,
				753E35771E898D9C00566C4E /* LaunchScreen.storyboard */,
				753E357A1E898D9C00566C4E /* Info.plist */,
			);
			path = DestroyTheWorld;
			sourceTree = "<group>";
		};
		753E35821E898D9D00566C4E /* DestroyTheWorldTests */ = {
			isa = PBXGroup;
			children = (
				753E35831E898D9D00566C4E /* DestroyTheWorldTests.swift */,
				753E35851E898D9D00566C4E /* Info.plist */,
			);
			path = DestroyTheWorldTests;
			sourceTree = "<group>";
		};
/* End PBXGroup section */

/* Begin PBXNativeTarget section */
		753E356A1E898D9C00566C4E /* DestroyTheWorld */ = {
			isa = PBXNativeTarget;
			buildConfigurationList = 753E35881E898D9D00566C4E /* Build configuration list for PBXNativeTarget "DestroyTheWorld" */;
			buildPhases = (
				753E35671E898D9C00566C4E /* Sources */,
				753E35681E898D9C00566C4E /* Frameworks */,
				753E35691E898D9C00566C4E /* Resources */,
			);
			buildRules = (
			);
			dependencies = (
			);
			name = DestroyTheWorld;
			productName = DestroyTheWorld;
			productReference = 753E356B1E898D9C00566C4E /* DestroyTheWorld.app */;
			productType = "com.apple.product-type.application";
		};
		753E357E1E898D9D00566C4E /* DestroyTheWorldTests */ = {
			isa = PBXNativeTarget;
			buildConfigurationList = 753E358B1E898D9D00566C4E /* Build configuration list for PBXNativeTarget "DestroyTheWorldTests" */;
			buildPhases = (
				753E357B1E898D9D00566C4E /* Sources */,
				753E357C1E898D9D00566C4E /* Frameworks */,
				753E357D1E898D9D00566C4E /* Resources */,
			);
			buildRules = (
			);
			dependencies = (
				753E35811E898D9D00566C4E /* PBXTargetDependency */,
			);
			name = DestroyTheWorldTests;
			productName = DestroyTheWorldTests;
			productReference = 753E357F1E898D9D00566C4E /* DestroyTheWorldTests.xctest */;
			productType = "com.apple.product-type.bundle.unit-test";
		};
/* End PBXNativeTarget section */

/* Begin PBXProject section */
		753E35631E898D9C00566C4E /* Project object */ = {
			isa = PBXProject;
			attributes = {
				LastSwiftUpdateCheck = 0820;
				LastUpgradeCheck = 0820;
				ORGANIZATIONNAME = "Allan Edwards";
				TargetAttributes = {
					753E356A1E898D9C00566C4E = {
						CreatedOnToolsVersion = 8.2.1;
						ProvisioningStyle = Automatic;
					};
					753E357E1E898D9D00566C4E = {
						CreatedOnToolsVersion = 8.2.1;
						ProvisioningStyle = Automatic;
						TestTargetID = 753E356A1E898D9C00566C4E;
					};
				};
			};
			buildConfigurationList = 753E35661E898D9C00566C4E /* Build configuration list for PBXProject "DestroyTheWorld" */;
			compatibilityVersion = "Xcode 3.2";
			developmentRegion = English;
			hasScannedForEncodings = 0;
			knownRegions = (
				en,
				Base,
			);
			mainGroup = 753E35621E898D9C00566C4E;
			productRefGroup = 753E356C1E898D9C00566C4E /* Products */;
			projectDirPath = "";
			projectRoot = "";
			targets = (
				753E356A1E898D9C00566C4E /* DestroyTheWorld */,
				753E357E1E898D9D00566C4E /* DestroyTheWorldTests */,
			);
		};
/* End PBXProject section */

/* Begin PBXResourcesBuildPhase section */
		753E35691E898D9C00566C4E /* Resources */ = {
			isa = PBXResourcesBuildPhase;
			buildActionMask = 2147483647;
			files = (
				753E35791E898D9C00566C4E /* LaunchScreen.storyboard in Resources */,
				753E35761E898D9C00566C4E /* Assets.xcassets in Resources */,
				753E35741E898D9C00566C4E /* Main.storyboard in Resources */,
			);
			runOnlyForDeploymentPostprocessing = 0;
		};
		753E357D1E898D9D00566C4E /* Resources */ = {
			isa = PBXResourcesBuildPhase;
			buildActionMask = 2147483647;
			files = (
			);
			runOnlyForDeploymentPostprocessing = 0;
		};
/* End PBXResourcesBuildPhase section */

/* Begin PBXSourcesBuildPhase section */
		753E35671E898D9C00566C4E /* Sources */ = {
			isa = PBXSourcesBuildPhase;
			buildActionMask = 2147483647;
			files = (
				753E35711E898D9C00566C4E /* ViewController.swift in Sources */,
				753E356F1E898D9C00566C4E /* AppDelegate.swift in Sources */,
			);
			runOnlyForDeploymentPostprocessing = 0;
		};
		753E357B1E898D9D00566C4E /* Sources */ = {
			isa = PBXSourcesBuildPhase;
			buildActionMask = 2147483647;
			files = (
				753E35841E898D9D00566C4E /* DestroyTheWorldTests.swift in Sources */,
			);
			runOnlyForDeploymentPostprocessing = 0;
		};
/* End PBXSourcesBuildPhase section */

/* Begin PBXTargetDependency section */
		753E35811E898D9D00566C4E /* PBXTargetDependency */ = {
			isa = PBXTargetDependency;
			target = 753E356A1E898D9C00566C4E /* DestroyTheWorld */;
			targetProxy = 753E35801E898D9D00566C4E /* PBXContainerItemProxy */;
		};
/* End PBXTargetDependency section */

/* Begin PBXVariantGroup section */
		753E35721E898D9C00566C4E /* Main.storyboard */ = {
			isa = PBXVariantGroup;
			children = (
				753E35731E898D9C00566C4E /* Base */,
			);
			name = Main.storyboard;
			sourceTree = "<group>";
		};
		753E35771E898D9C00566C4E /* LaunchScreen.storyboard */ = {
			isa = PBXVariantGroup;
			children = (
				753E35781E898D9C00566C4E /* Base */,
			);
			name = LaunchScreen.storyboard;
			sourceTree = "<group>";
		};
/* End PBXVariantGroup section */

/* Begin XCBuildConfiguration section */
		753E35861E898D9D00566C4E /* Debug */ = {
			isa = XCBuildConfiguration;
			buildSettings = {
				ALWAYS_SEARCH_USER_PATHS = NO;
				CLANG_ANALYZER_NONNULL = YES;
				CLANG_CXX_LANGUAGE_STANDARD = "gnu++0x";
				CLANG_CXX_LIBRARY = "libc++";
				CLANG_ENABLE_MODULES = YES;
				CLANG_ENABLE_OBJC_ARC = YES;
				CLANG_WARN_BOOL_CONVERSION = YES;
				CLANG_WARN_CONSTANT_CONVERSION = YES;
				CLANG_WARN_DIRECT_OBJC_ISA_USAGE = YES_ERROR;
				CLANG_WARN_DOCUMENTATION_COMMENTS = YES;
				CLANG_WARN_EMPTY_BODY = YES;
				CLANG_WARN_ENUM_CONVERSION = YES;
				CLANG_WARN_INFINITE_RECURSION = YES;
				CLANG_WARN_INT_CONVERSION = YES;
				CLANG_WARN_OBJC_ROOT_CLASS = YES_ERROR;
				CLANG_WARN_SUSPICIOUS_MOVE = YES;
				CLANG_WARN_UNREACHABLE_CODE = YES;
				CLANG_WARN__DUPLICATE_METHOD_MATCH = YES;
				"CODE_SIGN_IDENTITY[sdk=iphoneos*]" = "iPhone Developer";
				COPY_PHASE_STRIP = NO;
				DEBUG_INFORMATION_FORMAT = dwarf;
				ENABLE_STRICT_OBJC_MSGSEND = YES;
				ENABLE_TESTABILITY = YES;
				GCC_C_LANGUAGE_STANDARD = gnu99;
				GCC_DYNAMIC_NO_PIC = NO;
				GCC_NO_COMMON_BLOCKS = YES;
				GCC_OPTIMIZATION_LEVEL = 0;
				GCC_PREPROCESSOR_DEFINITIONS = (
					"DEBUG=1",
					"$(inherited)",
				);
				GCC_WARN_64_TO_32_BIT_CONVERSION = YES;
				GCC_WARN_ABOUT_RETURN_TYPE = YES_ERROR;
				GCC_WARN_UNDECLARED_SELECTOR = YES;
				GCC_WARN_UNINITIALIZED_AUTOS = YES_AGGRESSIVE;
				GCC_WARN_UNUSED_FUNCTION = YES;
				GCC_WARN_UNUSED_VARIABLE = YES;
				IPHONEOS_DEPLOYMENT_TARGET = 10.2;
				MTL_ENABLE_DEBUG_INFO = YES;
				ONLY_ACTIVE_ARCH = YES;
				SDKROOT = iphoneos;
				SWIFT_ACTIVE_COMPILATION_CONDITIONS = DEBUG;
				SWIFT_OPTIMIZATION_LEVEL = "-Onone";
				TARGETED_DEVICE_FAMILY = "1,2";
			};
			name = Debug;
		};
		753E35871E898D9D00566C4E /* Release */ = {
			isa = XCBuildConfiguration;
			buildSettings = {
				ALWAYS_SEARCH_USER_PATHS = NO;
				CLANG_ANALYZER_NONNULL = YES;
				CLANG_CXX_LANGUAGE_STANDARD = "gnu++0x";
				CLANG_CXX_LIBRARY = "libc++";
				CLANG_ENABLE_MODULES = YES;
				CLANG_ENABLE_OBJC_ARC = YES;
				CLANG_WARN_BOOL_CONVERSION = YES;
				CLANG_WARN_CONSTANT_CONVERSION = YES;
				CLANG_WARN_DIRECT_OBJC_ISA_USAGE = YES_ERROR;
				CLANG_WARN_DOCUMENTATION_COMMENTS = YES;
				CLANG_WARN_EMPTY_BODY = YES;
				CLANG_WARN_ENUM_CONVERSION = YES;
				CLANG_WARN_INFINITE_RECURSION = YES;
				CLANG_WARN_INT_CONVERSION = YES;
				CLANG_WARN_OBJC_ROOT_CLASS = YES_ERROR;
				CLANG_WARN_SUSPICIOUS_MOVE = YES;
				CLANG_WARN_UNREACHABLE_CODE = YES;
				CLANG_WARN__DUPLICATE_METHOD_MATCH = YES;
				"CODE_SIGN_IDENTITY[sdk=iphoneos*]" = "iPhone Developer";
				COPY_PHASE_STRIP = NO;
				DEBUG_INFORMATION_FORMAT = "dwarf-with-dsym";
				ENABLE_NS_ASSERTIONS = NO;
				ENABLE_STRICT_OBJC_MSGSEND = YES;
				GCC_C_LANGUAGE_STANDARD = gnu99;
				GCC_NO_COMMON_BLOCKS = YES;
				GCC_WARN_64_TO_32_BIT_CONVERSION = YES;
				GCC_WARN_ABOUT_RETURN_TYPE = YES_ERROR;
				GCC_WARN_UNDECLARED_SELECTOR = YES;
				GCC_WARN_UNINITIALIZED_AUTOS = YES_AGGRESSIVE;
				GCC_WARN_UNUSED_FUNCTION = YES;
				GCC_WARN_UNUSED_VARIABLE = YES;
				IPHONEOS_DEPLOYMENT_TARGET = 10.2;
				MTL_ENABLE_DEBUG_INFO = NO;
				SDKROOT = iphoneos;
				SWIFT_OPTIMIZATION_LEVEL = "-Owholemodule";
				TARGETED_DEVICE_FAMILY = "1,2";
				VALIDATE_PRODUCT = YES;
			};
			name = Release;
		};
		753E35891E898D9D00566C4E /* Debug */ = {
			isa = XCBuildConfiguration;
			buildSettings = {
				ASSETCATALOG_COMPILER_APPICON_NAME = AppIcon;
				INFOPLIST_FILE = DestroyTheWorld/Info.plist;
				LD_RUNPATH_SEARCH_PATHS = "$(inherited) @executable_path/Frameworks";
				PRODUCT_BUNDLE_IDENTIFIER = com.example.DestroyTheWorld;
				PRODUCT_NAME = "$(TARGET_NAME)";
				SWIFT_VERSION = 3.0;
			};
			name = Debug;
		};
		753E358A1E898D9D00566C4E /* Release */ = {
			isa = XCBuildConfiguration;
			buildSettings = {
				ASSETCATALOG_COMPILER_APPICON_NAME = AppIcon;
				INFOPLIST_FILE = DestroyTheWorld/Info.plist;
				LD_RUNPATH_SEARCH_PATHS = "$(inherited) @executable_path/Frameworks";
				PRODUCT_BUNDLE_IDENTIFIER = com.example.DestroyTheWorld;
				PRODUCT_NAME = "$(TARGET_NAME)";
				SWIFT_VERSION = 3.0;
			};
			name = Release;
		};
		753E358C1E898D9D00566C4E /* Debug */ = {
			isa = XCBuildConfiguration;
			buildSettings = {
				ALWAYS_EMBED_SWIFT_STANDARD_LIBRARIES = YES;
				BUNDLE_LOADER = "$(TEST_HOST)";
				INFOPLIST_FILE = DestroyTheWorldTests/Info.plist;
				LD_RUNPATH_SEARCH_PATHS = "$(inherited) @executable_path/Frameworks @loader_path/Frameworks";
				PRODUCT_BUNDLE_IDENTIFIER = com.example.DestroyTheWorldTests;
				PRODUCT_NAME = "$(TARGET_NAME)";
				SWIFT_VERSION = 3.0;
				TEST_HOST = "$(BUILT_PRODUCTS_DIR)/DestroyTheWorld.app/DestroyTheWorld";
			};
			name = Debug;
		};
		753E358D1E898D9D00566C4E /* Release */ = {
			isa = XCBuildConfiguration;
			buildSettings = {
				ALWAYS_EMBED_SWIFT_STANDARD_LIBRARIES = YES;
				BUNDLE_LOADER = "$(TEST_HOST)";
				INFOPLIST_FILE = DestroyTheWorldTests/Info.plist;
				LD_RUNPATH_SEARCH_PATHS = "$(inherited) @executable_path/Frameworks @loader_path/Frameworks";
				PRODUCT_BUNDLE_IDENTIFIER = com.example.DestroyTheWorldTests;
				PRODUCT_NAME = "$(TARGET_NAME)";
				SWIFT_VERSION = 3.0;
				TEST_HOST = "$(BUILT_PRODUCTS_DIR)/DestroyTheWorld.app/DestroyTheWorld";
			};
			name = Release;
		};
/* End XCBuildConfiguration section */

/* Begin XCConfigurationList section */
		753E35661E898D9C00566C4E /* Build configuration list for PBXProject "DestroyTheWorld" */ = {
			isa = XCConfigurationList;
			buildConfigurations = (
				753E35861E898D9D00566C4E /* Debug */,
				753E35871E898D9D00566C4E /* Release */,
			);
			defaultConfigurationIsVisible = 0;
			defaultConfigurationName = Release;
		};
		753E35881E898D9D00566C4E /* Build configuration list for PBXNativeTarget "DestroyTheWorld" */ = {
			isa = XCConfigurationList;
			buildConfigurations = (
				753E35891E898D9D00566C4E /* Debug */,
				753E358A1E898D9D00566C4E /* Release */,
			);
			defaultConfigurationIsVisible = 0;
		};
		753E358B1E898D9D00566C4E /* Build configuration list for PBXNativeTarget "DestroyTheWorldTests" */ = {
			isa = XCConfigurationList;
			buildConfigurations = (
				753E358C1E898D9D00566C4E /* Debug */,
				753E358D1E898D9D00566C4E /* Release */,
			);
			defaultConfigurationIsVisible = 0;
		};
/* End XCConfigurationList section */
	};
	rootObject = 753E35631E898D9C00566C4E /* Project object */;
}
